<?xml version="1.0" encoding="utf-8"?>
<Project ToolsVersion="4.0" xmlns="http://schemas.microsoft.com/developer/msbuild/2003">
  <ItemGroup>
    <Filter Include="Source Files">
      <UniqueIdentifier>{4FC737F1-C7A5-4376-A066-2A32D752A2FF}</UniqueIdentifier>
      <Extensions>cpp;c;cc;cxx;def;odl;idl;hpj;bat;asm;asmx</Extensions>
    </Filter>
    <Filter Include="Header Files">
      <UniqueIdentifier>{93995380-89BD-4b04-88EB-625FBE52EBFB}</UniqueIdentifier>
      <Extensions>h;hpp;hxx;hm;inl;inc;xsd</Extensions>
    </Filter>
    <Filter Include="Resource Files">
      <UniqueIdentifier>{67DA6AB6-F800-4c08-8B7A-83BB121AAD01}</UniqueIdentifier>
      <Extensions>rc;ico;cur;bmp;dlg;rc2;rct;bin;rgs;gif;jpg;jpeg;jpe;resx;tiff;tif;png;wav;mfcribbon-ms</Extensions>
    </Filter>
    <Filter Include="Source Files\SDL Tutorial 1">
      <UniqueIdentifier>{3e34cc90-c02e-4404-ba44-eca7ef634b6e}</UniqueIdentifier>
    </Filter>
    <Filter Include="Source Files\SDL Tutorial 2">
      <UniqueIdentifier>{78738952-98e1-4254-a646-def43da81d3a}</UniqueIdentifier>
    </Filter>
  </ItemGroup>
  <ItemGroup>
    <ClInclude Include="resource.h">
      <Filter>Header Files</Filter>
    </ClInclude>
  </ItemGroup>
  <ItemGroup>
    <ClCompile Include="C++ Source Files\SDL Tutorial 1\01_hello_SDL.cpp">
      <Filter>Source Files\SDL Tutorial 1</Filter>
    </ClCompile>
    <ClCompile Include="C++ Source Files\SDL Tutorial 2\02_getting_an_image_on_the_screen.cpp">
      <Filter>Source Files\SDL Tutorial 2</Filter>
    </ClCompile>
    <ClCompile Include="C++ Source Files\SDL Tutorial 3\03_event_driven_programming.cpp">
      <Filter>Source Files</Filter>
    </ClCompile>
    <ClCompile Include="C++ Source Files\SDL Tutorial 4\04_key_presses.cpp">
      <Filter>Source Files</Filter>
    </ClCompile>
    <ClCompile Include="C++ Source Files\SDL Tutorial 5\05_optimized_surface_loading_and_soft_stretching.cpp">
      <Filter>Source Files</Filter>
    </ClCompile>
    <ClCompile Include="C++ Source Files\SDL Tutorial 6\06_extension_libraries_and_loading_other_image_formats.cpp">
      <Filter>Source Files</Filter>
    </ClCompile>
    <ClCompile Include="C++ Source Files\SDL Tutorial 7\07_texture_loading_and_rendering.cpp">
      <Filter>Source Files</Filter>
    </ClCompile>
    <ClCompile Include="C++ Source Files\SDL Tutorial 8\08_geometry_rendering.cpp">
      <Filter>Source Files</Filter>
    </ClCompile>
    <ClCompile Include="C++ Source Files\SDL Tutorial 9\09_the_viewport.cpp">
      <Filter>Source Files</Filter>
    </ClCompile>
    <ClCompile Include="C++ Source Files\SDL Tutorial 10\10_color_keying.cpp">
      <Filter>Source Files</Filter>
    </ClCompile>
    <ClCompile Include="C++ Source Files\SDL Tutorial 11\11_clip_rendering_and_sprite_sheets.cpp">
      <Filter>Source Files</Filter>
    </ClCompile>
    <ClCompile Include="C++ Source Files\SDL Tutorial 12\12_color_modulation.cpp">
      <Filter>Source Files</Filter>
    </ClCompile>
    <ClCompile Include="C++ Source Files\SDL Tutorial 13\13_alpha_blending.cpp">
      <Filter>Source Files</Filter>
    </ClCompile>
    <ClCompile Include="C++ Source Files\SDL Tutorial 14\14_animated_sprites_and_vsync.cpp">
      <Filter>Source Files</Filter>
    </ClCompile>
    <ClCompile Include="C++ Source Files\SDL Tutorial 15\15_rotation_and_flipping.cpp">
      <Filter>Source Files</Filter>
    </ClCompile>
    <ClCompile Include="C++ Source Files\SDL Tutorial 16\16_true_type_fonts.cpp">
      <Filter>Source Files</Filter>
    </ClCompile>
  </ItemGroup>
  <ItemGroup>
    <Image Include="Resources\Images\SDL Tutorial 2\hello_world.bmp">
      <Filter>Resource Files</Filter>
    </Image>
    <Image Include="Resources\Images\SDL Tutorial 3\x.bmp">
      <Filter>Resource Files</Filter>
    </Image>
    <Image Include="Resources\Images\SDL Tutorial 4\down.bmp">
      <Filter>Resource Files</Filter>
    </Image>
    <Image Include="Resources\Images\SDL Tutorial 4\left.bmp">
      <Filter>Resource Files</Filter>
    </Image>
    <Image Include="Resources\Images\SDL Tutorial 4\press.bmp">
      <Filter>Resource Files</Filter>
    </Image>
    <Image Include="Resources\Images\SDL Tutorial 4\right.bmp">
      <Filter>Resource Files</Filter>
    </Image>
    <Image Include="Resources\Images\SDL Tutorial 4\up.bmp">
      <Filter>Resource Files</Filter>
    </Image>
    <Image Include="Resources\Images\SDL Tutorial 5\stretch.bmp">
      <Filter>Resource Files</Filter>
    </Image>
    <Image Include="Resources\Images\SDL Tutorial 6\loaded.png">
      <Filter>Resource Files</Filter>
    </Image>
    <Image Include="Resources\Images\SDL Tutorial 7\texture.png">
      <Filter>Resource Files</Filter>
    </Image>
    <Image Include="Resources\Images\SDL Tutorial 9\viewport.png">
      <Filter>Resource Files</Filter>
    </Image>
    <Image Include="Resources\Images\SDL Tutorial 10\background.png">
      <Filter>Resource Files</Filter>
    </Image>
    <Image Include="Resources\Images\SDL Tutorial 10\foo.png">
      <Filter>Resource Files</Filter>
    </Image>
    <Image Include="Resources\Images\SDL Tutorial 11\dots.png">
      <Filter>Resource Files</Filter>
    </Image>
    <Image Include="Resources\Images\SDL Tutorial 12\colors.png">
      <Filter>Resource Files</Filter>
    </Image>
    <Image Include="Resources\Images\SDL Tutorial 13\fadein.png">
      <Filter>Resource Files</Filter>
    </Image>
    <Image Include="Resources\Images\SDL Tutorial 13\fadeout.png">
      <Filter>Resource Files</Filter>
    </Image>
    <Image Include="Resources\Images\SDL Tutorial 14\foo.png">
      <Filter>Resource Files</Filter>
    </Image>
    <Image Include="Resources\Images\SDL Tutorial 15\arrow.png">
      <Filter>Resource Files</Filter>
    </Image>
  </ItemGroup>
  <ItemGroup>
    <None Include="SDL dlls\SDL2\SDL2.dll" />
    <None Include="SDL dlls\SDL2_image\libjpeg-9.dll" />
    <None Include="SDL dlls\SDL2_image\libpng16-16.dll" />
    <None Include="SDL dlls\SDL2_image\libtiff-5.dll" />
    <None Include="SDL dlls\SDL2_image\libwebp-4.dll" />
    <None Include="SDL dlls\SDL2_image\SDL2_image.dll" />
    <None Include="SDL dlls\SDL2_image\zlib1.dll" />
    <None Include="SDL dlls\SDL2_ttf\libfreetype-6.dll" />
    <None Include="SDL dlls\SDL2_ttf\SDL2_ttf.dll" />
    <None Include="SDL dlls\SDL2_ttf\zlib1.dll" />
  </ItemGroup>
  <ItemGroup>
    <Font Include="Resources\Types\SDL Tutorial 16\lazy.ttf" />
  </ItemGroup>
</Project>